// !$*UTF8*$!
{
	archiveVersion = 1;
	classes = {
	};
	objectVersion = 55;
	objects = {

/* Begin PBXBuildFile section */
		ED9BB28F2934E59200E26DD6 /* AppDelegate.swift in Sources */ = {isa = PBXBuildFile; fileRef = ED9BB28E2934E59200E26DD6 /* AppDelegate.swift */; };
		ED9BB2912934E59200E26DD6 /* SceneDelegate.swift in Sources */ = {isa = PBXBuildFile; fileRef = ED9BB2902934E59200E26DD6 /* SceneDelegate.swift */; };
		ED9BB2932934E59300E26DD6 /* ViewController.swift in Sources */ = {isa = PBXBuildFile; fileRef = ED9BB2922934E59200E26DD6 /* ViewController.swift */; };
		ED9BB2962934E59300E26DD6 /* Main.storyboard in Resources */ = {isa = PBXBuildFile; fileRef = ED9BB2942934E59300E26DD6 /* Main.storyboard */; };
		ED9BB2982934E59C00E26DD6 /* Assets.xcassets in Resources */ = {isa = PBXBuildFile; fileRef = ED9BB2972934E59C00E26DD6 /* Assets.xcassets */; };
		ED9BB29B2934E59C00E26DD6 /* LaunchScreen.storyboard in Resources */ = {isa = PBXBuildFile; fileRef = ED9BB2992934E59C00E26DD6 /* LaunchScreen.storyboard */; };
		ED9BB2A62934E59C00E26DD6 /* MaPremiereAppTests.swift in Sources */ = {isa = PBXBuildFile; fileRef = ED9BB2A52934E59C00E26DD6 /* MaPremiereAppTests.swift */; };
		ED9BB2B02934E59C00E26DD6 /* MaPremiereAppUITests.swift in Sources */ = {isa = PBXBuildFile; fileRef = ED9BB2AF2934E59C00E26DD6 /* MaPremiereAppUITests.swift */; };
		ED9BB2B22934E59C00E26DD6 /* MaPremiereAppUITestsLaunchTests.swift in Sources */ = {isa = PBXBuildFile; fileRef = ED9BB2B12934E59C00E26DD6 /* MaPremiereAppUITestsLaunchTests.swift */; };
/* End PBXBuildFile section */

/* Begin PBXContainerItemProxy section */
		ED9BB2A22934E59C00E26DD6 /* PBXContainerItemProxy */ = {
			isa = PBXContainerItemProxy;
			containerPortal = ED9BB2832934E59200E26DD6 /* Project object */;
			proxyType = 1;
			remoteGlobalIDString = ED9BB28A2934E59200E26DD6;
			remoteInfo = MaPremiereApp;
		};
		ED9BB2AC2934E59C00E26DD6 /* PBXContainerItemProxy */ = {
			isa = PBXContainerItemProxy;
			containerPortal = ED9BB2832934E59200E26DD6 /* Project object */;
			proxyType = 1;
			remoteGlobalIDString = ED9BB28A2934E59200E26DD6;
			remoteInfo = MaPremiereApp;
		};
/* End PBXContainerItemProxy section */

/* Begin PBXFileReference section */
		ED9BB28B2934E59200E26DD6 /* MaPremiereApp.app */ = {isa = PBXFileReference; explicitFileType = wrapper.application; includeInIndex = 0; path = MaPremiereApp.app; sourceTree = BUILT_PRODUCTS_DIR; };
		ED9BB28E2934E59200E26DD6 /* AppDelegate.swift */ = {isa = PBXFileReference; lastKnownFileType = sourcecode.swift; path = AppDelegate.swift; sourceTree = "<group>"; };
		ED9BB2902934E59200E26DD6 /* SceneDelegate.swift */ = {isa = PBXFileReference; lastKnownFileType = sourcecode.swift; path = SceneDelegate.swift; sourceTree = "<group>"; };
		ED9BB2922934E59200E26DD6 /* ViewController.swift */ = {isa = PBXFileReference; lastKnownFileType = sourcecode.swift; path = ViewController.swift; sourceTree = "<group>"; };
		ED9BB2952934E59300E26DD6 /* Base */ = {isa = PBXFileReference; lastKnownFileType = file.storyboard; name = Base; path = Base.lproj/Main.storyboard; sourceTree = "<group>"; };
		ED9BB2972934E59C00E26DD6 /* Assets.xcassets */ = {isa = PBXFileReference; lastKnownFileType = folder.assetcatalog; path = Assets.xcassets; sourceTree = "<group>"; };
		ED9BB29A2934E59C00E26DD6 /* Base */ = {isa = PBXFileReference; lastKnownFileType = file.storyboard; name = Base; path = Base.lproj/LaunchScreen.storyboard; sourceTree = "<group>"; };
		ED9BB29C2934E59C00E26DD6 /* Info.plist */ = {isa = PBXFileReference; lastKnownFileType = text.plist.xml; path = Info.plist; sourceTree = "<group>"; };
		ED9BB2A12934E59C00E26DD6 /* MaPremiereAppTests.xctest */ = {isa = PBXFileReference; explicitFileType = wrapper.cfbundle; includeInIndex = 0; path = MaPremiereAppTests.xctest; sourceTree = BUILT_PRODUCTS_DIR; };
		ED9BB2A52934E59C00E26DD6 /* MaPremiereAppTests.swift */ = {isa = PBXFileReference; lastKnownFileType = sourcecode.swift; path = MaPremiereAppTests.swift; sourceTree = "<group>"; };
		ED9BB2AB2934E59C00E26DD6 /* MaPremiereAppUITests.xctest */ = {isa = PBXFileReference; explicitFileType = wrapper.cfbundle; includeInIndex = 0; path = MaPremiereAppUITests.xctest; sourceTree = BUILT_PRODUCTS_DIR; };
		ED9BB2AF2934E59C00E26DD6 /* MaPremiereAppUITests.swift */ = {isa = PBXFileReference; lastKnownFileType = sourcecode.swift; path = MaPremiereAppUITests.swift; sourceTree = "<group>"; };
		ED9BB2B12934E59C00E26DD6 /* MaPremiereAppUITestsLaunchTests.swift */ = {isa = PBXFileReference; lastKnownFileType = sourcecode.swift; path = MaPremiereAppUITestsLaunchTests.swift; sourceTree = "<group>"; };
/* End PBXFileReference section */

/* Begin PBXFrameworksBuildPhase section */
		ED9BB2882934E59200E26DD6 /* Frameworks */ = {
			isa = PBXFrameworksBuildPhase;
			buildActionMask = 2147483647;
			files = (
			);
			runOnlyForDeploymentPostprocessing = 0;
		};
		ED9BB29E2934E59C00E26DD6 /* Frameworks */ = {
			isa = PBXFrameworksBuildPhase;
			buildActionMask = 2147483647;
			files = (
			);
			runOnlyForDeploymentPostprocessing = 0;
		};
		ED9BB2A82934E59C00E26DD6 /* Frameworks */ = {
			isa = PBXFrameworksBuildPhase;
			buildActionMask = 2147483647;
			files = (
			);
			runOnlyForDeploymentPostprocessing = 0;
		};
/* End PBXFrameworksBuildPhase section */

/* Begin PBXGroup section */
		ED9BB2822934E59200E26DD6 = {
			isa = PBXGroup;
			children = (
				ED9BB28D2934E59200E26DD6 /* MaPremiereApp */,
				ED9BB2A42934E59C00E26DD6 /* MaPremiereAppTests */,
				ED9BB2AE2934E59C00E26DD6 /* MaPremiereAppUITests */,
				ED9BB28C2934E59200E26DD6 /* Products */,
			);
			sourceTree = "<group>";
		};
		ED9BB28C2934E59200E26DD6 /* Products */ = {
			isa = PBXGroup;
			children = (
				ED9BB28B2934E59200E26DD6 /* MaPremiereApp.app */,
				ED9BB2A12934E59C00E26DD6 /* MaPremiereAppTests.xctest */,
				ED9BB2AB2934E59C00E26DD6 /* MaPremiereAppUITests.xctest */,
			);
			name = Products;
			sourceTree = "<group>";
		};
		ED9BB28D2934E59200E26DD6 /* MaPremiereApp */ = {
			isa = PBXGroup;
			children = (
				ED9BB28E2934E59200E26DD6 /* AppDelegate.swift */,
				ED9BB2902934E59200E26DD6 /* SceneDelegate.swift */,
				ED9BB2922934E59200E26DD6 /* ViewController.swift */,
				ED9BB2942934E59300E26DD6 /* Main.storyboard */,
				ED9BB2972934E59C00E26DD6 /* Assets.xcassets */,
				ED9BB2992934E59C00E26DD6 /* LaunchScreen.storyboard */,
				ED9BB29C2934E59C00E26DD6 /* Info.plist */,
			);
			path = MaPremiereApp;
			sourceTree = "<group>";
		};
		ED9BB2A42934E59C00E26DD6 /* MaPremiereAppTests */ = {
			isa = PBXGroup;
			children = (
				ED9BB2A52934E59C00E26DD6 /* MaPremiereAppTests.swift */,
			);
			path = MaPremiereAppTests;
			sourceTree = "<group>";
		};
		ED9BB2AE2934E59C00E26DD6 /* MaPremiereAppUITests */ = {
			isa = PBXGroup;
			children = (
				ED9BB2AF2934E59C00E26DD6 /* MaPremiereAppUITests.swift */,
				ED9BB2B12934E59C00E26DD6 /* MaPremiereAppUITestsLaunchTests.swift */,
			);
			path = MaPremiereAppUITests;
			sourceTree = "<group>";
		};
/* End PBXGroup section */

/* Begin PBXNativeTarget section */
		ED9BB28A2934E59200E26DD6 /* MaPremiereApp */ = {
			isa = PBXNativeTarget;
			buildConfigurationList = ED9BB2B52934E59C00E26DD6 /* Build configuration list for PBXNativeTarget "MaPremiereApp" */;
			buildPhases = (
				ED9BB2872934E59200E26DD6 /* Sources */,
				ED9BB2882934E59200E26DD6 /* Frameworks */,
				ED9BB2892934E59200E26DD6 /* Resources */,
			);
			buildRules = (
			);
			dependencies = (
			);
			name = MaPremiereApp;
			productName = MaPremiereApp;
			productReference = ED9BB28B2934E59200E26DD6 /* MaPremiereApp.app */;
			productType = "com.apple.product-type.application";
		};
		ED9BB2A02934E59C00E26DD6 /* MaPremiereAppTests */ = {
			isa = PBXNativeTarget;
			buildConfigurationList = ED9BB2B82934E59C00E26DD6 /* Build configuration list for PBXNativeTarget "MaPremiereAppTests" */;
			buildPhases = (
				ED9BB29D2934E59C00E26DD6 /* Sources */,
				ED9BB29E2934E59C00E26DD6 /* Frameworks */,
				ED9BB29F2934E59C00E26DD6 /* Resources */,
			);
			buildRules = (
			);
			dependencies = (
				ED9BB2A32934E59C00E26DD6 /* PBXTargetDependency */,
			);
			name = MaPremiereAppTests;
			productName = MaPremiereAppTests;
			productReference = ED9BB2A12934E59C00E26DD6 /* MaPremiereAppTests.xctest */;
			productType = "com.apple.product-type.bundle.unit-test";
		};
		ED9BB2AA2934E59C00E26DD6 /* MaPremiereAppUITests */ = {
			isa = PBXNativeTarget;
			buildConfigurationList = ED9BB2BB2934E59C00E26DD6 /* Build configuration list for PBXNativeTarget "MaPremiereAppUITests" */;
			buildPhases = (
				ED9BB2A72934E59C00E26DD6 /* Sources */,
				ED9BB2A82934E59C00E26DD6 /* Frameworks */,
				ED9BB2A92934E59C00E26DD6 /* Resources */,
			);
			buildRules = (
			);
			dependencies = (
				ED9BB2AD2934E59C00E26DD6 /* PBXTargetDependency */,
			);
			name = MaPremiereAppUITests;
			productName = MaPremiereAppUITests;
			productReference = ED9BB2AB2934E59C00E26DD6 /* MaPremiereAppUITests.xctest */;
			productType = "com.apple.product-type.bundle.ui-testing";
		};
/* End PBXNativeTarget section */

/* Begin PBXProject section */
		ED9BB2832934E59200E26DD6 /* Project object */ = {
			isa = PBXProject;
			attributes = {
				BuildIndependentTargetsInParallel = 1;
				LastSwiftUpdateCheck = 1340;
				LastUpgradeCheck = 1340;
				TargetAttributes = {
					ED9BB28A2934E59200E26DD6 = {
						CreatedOnToolsVersion = 13.4.1;
					};
					ED9BB2A02934E59C00E26DD6 = {
						CreatedOnToolsVersion = 13.4.1;
						TestTargetID = ED9BB28A2934E59200E26DD6;
					};
					ED9BB2AA2934E59C00E26DD6 = {
						CreatedOnToolsVersion = 13.4.1;
						TestTargetID = ED9BB28A2934E59200E26DD6;
					};
				};
			};
			buildConfigurationList = ED9BB2862934E59200E26DD6 /* Build configuration list for PBXProject "MaPremiereApp" */;
			compatibilityVersion = "Xcode 13.0";
			developmentRegion = en;
			hasScannedForEncodings = 0;
			knownRegions = (
				en,
				Base,
			);
			mainGroup = ED9BB2822934E59200E26DD6;
			productRefGroup = ED9BB28C2934E59200E26DD6 /* Products */;
			projectDirPath = "";
			projectRoot = "";
			targets = (
				ED9BB28A2934E59200E26DD6 /* MaPremiereApp */,
				ED9BB2A02934E59C00E26DD6 /* MaPremiereAppTests */,
				ED9BB2AA2934E59C00E26DD6 /* MaPremiereAppUITests */,
			);
		};
/* End PBXProject section */

/* Begin PBXResourcesBuildPhase section */
		ED9BB2892934E59200E26DD6 /* Resources */ = {
			isa = PBXResourcesBuildPhase;
			buildActionMask = 2147483647;
			files = (
				ED9BB29B2934E59C00E26DD6 /* LaunchScreen.storyboard in Resources */,
				ED9BB2982934E59C00E26DD6 /* Assets.xcassets in Resources */,
				ED9BB2962934E59300E26DD6 /* Main.storyboard in Resources */,
			);
			runOnlyForDeploymentPostprocessing = 0;
		};
		ED9BB29F2934E59C00E26DD6 /* Resources */ = {
			isa = PBXResourcesBuildPhase;
			buildActionMask = 2147483647;
			files = (
			);
			runOnlyForDeploymentPostprocessing = 0;
		};
		ED9BB2A92934E59C00E26DD6 /* Resources */ = {
			isa = PBXResourcesBuildPhase;
			buildActionMask = 2147483647;
			files = (
			);
			runOnlyForDeploymentPostprocessing = 0;
		};
/* End PBXResourcesBuildPhase section */

/* Begin PBXSourcesBuildPhase section */
		ED9BB2872934E59200E26DD6 /* Sources */ = {
			isa = PBXSourcesBuildPhase;
			buildActionMask = 2147483647;
			files = (
				ED9BB2932934E59300E26DD6 /* ViewController.swift in Sources */,
				ED9BB28F2934E59200E26DD6 /* AppDelegate.swift in Sources */,
				ED9BB2912934E59200E26DD6 /* SceneDelegate.swift in Sources */,
			);
			runOnlyForDeploymentPostprocessing = 0;
		};
		ED9BB29D2934E59C00E26DD6 /* Sources */ = {
			isa = PBXSourcesBuildPhase;
			buildActionMask = 2147483647;
			files = (
				ED9BB2A62934E59C00E26DD6 /* MaPremiereAppTests.swift in Sources */,
			);
			runOnlyForDeploymentPostprocessing = 0;
		};
		ED9BB2A72934E59C00E26DD6 /* Sources */ = {
			isa = PBXSourcesBuildPhase;
			buildActionMask = 2147483647;
			files = (
				ED9BB2B02934E59C00E26DD6 /* MaPremiereAppUITests.swift in Sources */,
				ED9BB2B22934E59C00E26DD6 /* MaPremiereAppUITestsLaunchTests.swift in Sources */,
			);
			runOnlyForDeploymentPostprocessing = 0;
		};
/* End PBXSourcesBuildPhase section */

/* Begin PBXTargetDependency section */
		ED9BB2A32934E59C00E26DD6 /* PBXTargetDependency */ = {
			isa = PBXTargetDependency;
			target = ED9BB28A2934E59200E26DD6 /* MaPremiereApp */;
			targetProxy = ED9BB2A22934E59C00E26DD6 /* PBXContainerItemProxy */;
		};
		ED9BB2AD2934E59C00E26DD6 /* PBXTargetDependency */ = {
			isa = PBXTargetDependency;
			target = ED9BB28A2934E59200E26DD6 /* MaPremiereApp */;
			targetProxy = ED9BB2AC2934E59C00E26DD6 /* PBXContainerItemProxy */;
		};
/* End PBXTargetDependency section */

/* Begin PBXVariantGroup section */
		ED9BB2942934E59300E26DD6 /* Main.storyboard */ = {
			isa = PBXVariantGroup;
			children = (
				ED9BB2952934E59300E26DD6 /* Base */,
			);
			name = Main.storyboard;
			sourceTree = "<group>";
		};
		ED9BB2992934E59C00E26DD6 /* LaunchScreen.storyboard */ = {
			isa = PBXVariantGroup;
			children = (
				ED9BB29A2934E59C00E26DD6 /* Base */,
			);
			name = LaunchScreen.storyboard;
			sourceTree = "<group>";
		};
/* End PBXVariantGroup section */

/* Begin XCBuildConfiguration section */
		ED9BB2B32934E59C00E26DD6 /* Debug */ = {
			isa = XCBuildConfiguration;
			buildSettings = {
				ALWAYS_SEARCH_USER_PATHS = NO;
				CLANG_ANALYZER_NONNULL = YES;
				CLANG_ANALYZER_NUMBER_OBJECT_CONVERSION = YES_AGGRESSIVE;
				CLANG_CXX_LANGUAGE_STANDARD = "gnu++17";
				CLANG_ENABLE_MODULES = YES;
				CLANG_ENABLE_OBJC_ARC = YES;
				CLANG_ENABLE_OBJC_WEAK = YES;
				CLANG_WARN_BLOCK_CAPTURE_AUTORELEASING = YES;
				CLANG_WARN_BOOL_CONVERSION = YES;
				CLANG_WARN_COMMA = YES;
				CLANG_WARN_CONSTANT_CONVERSION = YES;
				CLANG_WARN_DEPRECATED_OBJC_IMPLEMENTATIONS = YES;
				CLANG_WARN_DIRECT_OBJC_ISA_USAGE = YES_ERROR;
				CLANG_WARN_DOCUMENTATION_COMMENTS = YES;
				CLANG_WARN_EMPTY_BODY = YES;
				CLANG_WARN_ENUM_CONVERSION = YES;
				CLANG_WARN_INFINITE_RECURSION = YES;
				CLANG_WARN_INT_CONVERSION = YES;
				CLANG_WARN_NON_LITERAL_NULL_CONVERSION = YES;
				CLANG_WARN_OBJC_IMPLICIT_RETAIN_SELF = YES;
				CLANG_WARN_OBJC_LITERAL_CONVERSION = YES;
				CLANG_WARN_OBJC_ROOT_CLASS = YES_ERROR;
				CLANG_WARN_QUOTED_INCLUDE_IN_FRAMEWORK_HEADER = YES;
				CLANG_WARN_RANGE_LOOP_ANALYSIS = YES;
				CLANG_WARN_STRICT_PROTOTYPES = YES;
				CLANG_WARN_SUSPICIOUS_MOVE = YES;
				CLANG_WARN_UNGUARDED_AVAILABILITY = YES_AGGRESSIVE;
				CLANG_WARN_UNREACHABLE_CODE = YES;
				CLANG_WARN__DUPLICATE_METHOD_MATCH = YES;
				COPY_PHASE_STRIP = NO;
				DEBUG_INFORMATION_FORMAT = dwarf;
				ENABLE_STRICT_OBJC_MSGSEND = YES;
				ENABLE_TESTABILITY = YES;
				GCC_C_LANGUAGE_STANDARD = gnu11;
				GCC_DYNAMIC_NO_PIC = NO;
				GCC_NO_COMMON_BLOCKS = YES;
				GCC_OPTIMIZATION_LEVEL = 0;
				GCC_PREPROCESSOR_DEFINITIONS = (
					"DEBUG=1",
					"$(inherited)",
				);
				GCC_WARN_64_TO_32_BIT_CONVERSION = YES;
				GCC_WARN_ABOUT_RETURN_TYPE = YES_ERROR;
				GCC_WARN_UNDECLARED_SELECTOR = YES;
				GCC_WARN_UNINITIALIZED_AUTOS = YES_AGGRESSIVE;
				GCC_WARN_UNUSED_FUNCTION = YES;
				GCC_WARN_UNUSED_VARIABLE = YES;
				IPHONEOS_DEPLOYMENT_TARGET = 15.5;
				MTL_ENABLE_DEBUG_INFO = INCLUDE_SOURCE;
				MTL_FAST_MATH = YES;
				ONLY_ACTIVE_ARCH = YES;
				SDKROOT = iphoneos;
				SWIFT_ACTIVE_COMPILATION_CONDITIONS = DEBUG;
				SWIFT_OPTIMIZATION_LEVEL = "-Onone";
			};
			name = Debug;
		};
		ED9BB2B42934E59C00E26DD6 /* Release */ = {
			isa = XCBuildConfiguration;
			buildSettings = {
				ALWAYS_SEARCH_USER_PATHS = NO;
				CLANG_ANALYZER_NONNULL = YES;
				CLANG_ANALYZER_NUMBER_OBJECT_CONVERSION = YES_AGGRESSIVE;
				CLANG_CXX_LANGUAGE_STANDARD = "gnu++17";
				CLANG_ENABLE_MODULES = YES;
				CLANG_ENABLE_OBJC_ARC = YES;
				CLANG_ENABLE_OBJC_WEAK = YES;
				CLANG_WARN_BLOCK_CAPTURE_AUTORELEASING = YES;
				CLANG_WARN_BOOL_CONVERSION = YES;
				CLANG_WARN_COMMA = YES;
				CLANG_WARN_CONSTANT_CONVERSION = YES;
				CLANG_WARN_DEPRECATED_OBJC_IMPLEMENTATIONS = YES;
				CLANG_WARN_DIRECT_OBJC_ISA_USAGE = YES_ERROR;
				CLANG_WARN_DOCUMENTATION_COMMENTS = YES;
				CLANG_WARN_EMPTY_BODY = YES;
				CLANG_WARN_ENUM_CONVERSION = YES;
				CLANG_WARN_INFINITE_RECURSION = YES;
				CLANG_WARN_INT_CONVERSION = YES;
				CLANG_WARN_NON_LITERAL_NULL_CONVERSION = YES;
				CLANG_WARN_OBJC_IMPLICIT_RETAIN_SELF = YES;
				CLANG_WARN_OBJC_LITERAL_CONVERSION = YES;
				CLANG_WARN_OBJC_ROOT_CLASS = YES_ERROR;
				CLANG_WARN_QUOTED_INCLUDE_IN_FRAMEWORK_HEADER = YES;
				CLANG_WARN_RANGE_LOOP_ANALYSIS = YES;
				CLANG_WARN_STRICT_PROTOTYPES = YES;
				CLANG_WARN_SUSPICIOUS_MOVE = YES;
				CLANG_WARN_UNGUARDED_AVAILABILITY = YES_AGGRESSIVE;
				CLANG_WARN_UNREACHABLE_CODE = YES;
				CLANG_WARN__DUPLICATE_METHOD_MATCH = YES;
				COPY_PHASE_STRIP = NO;
				DEBUG_INFORMATION_FORMAT = "dwarf-with-dsym";
				ENABLE_NS_ASSERTIONS = NO;
				ENABLE_STRICT_OBJC_MSGSEND = YES;
				GCC_C_LANGUAGE_STANDARD = gnu11;
				GCC_NO_COMMON_BLOCKS = YES;
				GCC_WARN_64_TO_32_BIT_CONVERSION = YES;
				GCC_WARN_ABOUT_RETURN_TYPE = YES_ERROR;
				GCC_WARN_UNDECLARED_SELECTOR = YES;
				GCC_WARN_UNINITIALIZED_AUTOS = YES_AGGRESSIVE;
				GCC_WARN_UNUSED_FUNCTION = YES;
				GCC_WARN_UNUSED_VARIABLE = YES;
				IPHONEOS_DEPLOYMENT_TARGET = 15.5;
				MTL_ENABLE_DEBUG_INFO = NO;
				MTL_FAST_MATH = YES;
				SDKROOT = iphoneos;
				SWIFT_COMPILATION_MODE = wholemodule;
				SWIFT_OPTIMIZATION_LEVEL = "-O";
				VALIDATE_PRODUCT = YES;
			};
			name = Release;
		};
		ED9BB2B62934E59C00E26DD6 /* Debug */ = {
			isa = XCBuildConfiguration;
			buildSettings = {
				ASSETCATALOG_COMPILER_APPICON_NAME = AppIcon;
				ASSETCATALOG_COMPILER_GLOBAL_ACCENT_COLOR_NAME = AccentColor;
				CODE_SIGN_STYLE = Automatic;
				CURRENT_PROJECT_VERSION = 1;
				GENERATE_INFOPLIST_FILE = YES;
				INFOPLIST_FILE = MaPremiereApp/Info.plist;
				INFOPLIST_KEY_UIApplicationSupportsIndirectInputEvents = YES;
				INFOPLIST_KEY_UILaunchStoryboardName = LaunchScreen;
				INFOPLIST_KEY_UIMainStoryboardFile = Main;
				INFOPLIST_KEY_UISupportedInterfaceOrientations_iPad = "UIInterfaceOrientationPortrait UIInterfaceOrientationPortraitUpsideDown UIInterfaceOrientationLandscapeLeft UIInterfaceOrientationLandscapeRight";
				INFOPLIST_KEY_UISupportedInterfaceOrientations_iPhone = "UIInterfaceOrientationPortrait UIInterfaceOrientationLandscapeLeft UIInterfaceOrientationLandscapeRight";
				LD_RUNPATH_SEARCH_PATHS = (
					"$(inherited)",
					"@executable_path/Frameworks",
				);
				MARKETING_VERSION = 1.0;
				PRODUCT_BUNDLE_IDENTIFIER = com.mapremiereapp.jojo.MaPremiereApp;
				PRODUCT_NAME = "$(TARGET_NAME)";
				SWIFT_EMIT_LOC_STRINGS = YES;
				SWIFT_VERSION = 5.0;
				TARGETED_DEVICE_FAMILY = "1,2";
			};
			name = Debug;
		};
		ED9BB2B72934E59C00E26DD6 /* Release */ = {
			isa = XCBuildConfiguration;
			buildSettings = {
				ASSETCATALOG_COMPILER_APPICON_NAME = AppIcon;
				ASSETCATALOG_COMPILER_GLOBAL_ACCENT_COLOR_NAME = AccentColor;
				CODE_SIGN_STYLE = Automatic;
				CURRENT_PROJECT_VERSION = 1;
				GENERATE_INFOPLIST_FILE = YES;
				INFOPLIST_FILE = MaPremiereApp/Info.plist;
				INFOPLIST_KEY_UIApplicationSupportsIndirectInputEvents = YES;
				INFOPLIST_KEY_UILaunchStoryboardName = LaunchScreen;
				INFOPLIST_KEY_UIMainStoryboardFile = Main;
				INFOPLIST_KEY_UISupportedInterfaceOrientations_iPad = "UIInterfaceOrientationPortrait UIInterfaceOrientationPortraitUpsideDown UIInterfaceOrientationLandscapeLeft UIInterfaceOrientationLandscapeRight";
				INFOPLIST_KEY_UISupportedInterfaceOrientations_iPhone = "UIInterfaceOrientationPortrait UIInterfaceOrientationLandscapeLeft UIInterfaceOrientationLandscapeRight";
				LD_RUNPATH_SEARCH_PATHS = (
					"$(inherited)",
					"@executable_path/Frameworks",
				);
				MARKETING_VERSION = 1.0;
				PRODUCT_BUNDLE_IDENTIFIER = com.mapremiereapp.jojo.MaPremiereApp;
				PRODUCT_NAME = "$(TARGET_NAME)";
				SWIFT_EMIT_LOC_STRINGS = YES;
				SWIFT_VERSION = 5.0;
				TARGETED_DEVICE_FAMILY = "1,2";
			};
			name = Release;
		};
		ED9BB2B92934E59C00E26DD6 /* Debug */ = {
			isa = XCBuildConfiguration;
			buildSettings = {
				ALWAYS_EMBED_SWIFT_STANDARD_LIBRARIES = YES;
				BUNDLE_LOADER = "$(TEST_HOST)";
				CODE_SIGN_STYLE = Automatic;
				CURRENT_PROJECT_VERSION = 1;
				GENERATE_INFOPLIST_FILE = YES;
				IPHONEOS_DEPLOYMENT_TARGET = 15.5;
				MARKETING_VERSION = 1.0;
				PRODUCT_BUNDLE_IDENTIFIER = com.mapremiereapp.jojo.MaPremiereAppTests;
				PRODUCT_NAME = "$(TARGET_NAME)";
				SWIFT_EMIT_LOC_STRINGS = NO;
				SWIFT_VERSION = 5.0;
				TARGETED_DEVICE_FAMILY = "1,2";
				TEST_HOST = "$(BUILT_PRODUCTS_DIR)/MaPremiereApp.app/MaPremiereApp";
			};
			name = Debug;
		};
		ED9BB2BA2934E59C00E26DD6 /* Release */ = {
			isa = XCBuildConfiguration;
			buildSettings = {
				ALWAYS_EMBED_SWIFT_STANDARD_LIBRARIES = YES;
				BUNDLE_LOADER = "$(TEST_HOST)";
				CODE_SIGN_STYLE = Automatic;
				CURRENT_PROJECT_VERSION = 1;
				GENERATE_INFOPLIST_FILE = YES;
				IPHONEOS_DEPLOYMENT_TARGET = 15.5;
				MARKETING_VERSION = 1.0;
				PRODUCT_BUNDLE_IDENTIFIER = com.mapremiereapp.jojo.MaPremiereAppTests;
				PRODUCT_NAME = "$(TARGET_NAME)";
				SWIFT_EMIT_LOC_STRINGS = NO;
				SWIFT_VERSION = 5.0;
				TARGETED_DEVICE_FAMILY = "1,2";
				TEST_HOST = "$(BUILT_PRODUCTS_DIR)/MaPremiereApp.app/MaPremiereApp";
			};
			name = Release;
		};
		ED9BB2BC2934E59C00E26DD6 /* Debug */ = {
			isa = XCBuildConfiguration;
			buildSettings = {
				ALWAYS_EMBED_SWIFT_STANDARD_LIBRARIES = YES;
				CODE_SIGN_STYLE = Automatic;
				CURRENT_PROJECT_VERSION = 1;
				GENERATE_INFOPLIST_FILE = YES;
				MARKETING_VERSION = 1.0;
				PRODUCT_BUNDLE_IDENTIFIER = com.mapremiereapp.jojo.MaPremiereAppUITests;
				PRODUCT_NAME = "$(TARGET_NAME)";
				SWIFT_EMIT_LOC_STRINGS = NO;
				SWIFT_VERSION = 5.0;
				TARGETED_DEVICE_FAMILY = "1,2";
				TEST_TARGET_NAME = MaPremiereApp;
			};
			name = Debug;
		};
		ED9BB2BD2934E59C00E26DD6 /* Release */ = {
			isa = XCBuildConfiguration;
			buildSettings = {
				ALWAYS_EMBED_SWIFT_STANDARD_LIBRARIES = YES;
				CODE_SIGN_STYLE = Automatic;
				CURRENT_PROJECT_VERSION = 1;
				GENERATE_INFOPLIST_FILE = YES;
				MARKETING_VERSION = 1.0;
				PRODUCT_BUNDLE_IDENTIFIER = com.mapremiereapp.jojo.MaPremiereAppUITests;
				PRODUCT_NAME = "$(TARGET_NAME)";
				SWIFT_EMIT_LOC_STRINGS = NO;
				SWIFT_VERSION = 5.0;
				TARGETED_DEVICE_FAMILY = "1,2";
				TEST_TARGET_NAME = MaPremiereApp;
			};
			name = Release;
		};
/* End XCBuildConfiguration section */

/* Begin XCConfigurationList section */
		ED9BB2862934E59200E26DD6 /* Build configuration list for PBXProject "MaPremiereApp" */ = {
			isa = XCConfigurationList;
			buildConfigurations = (
				ED9BB2B32934E59C00E26DD6 /* Debug */,
				ED9BB2B42934E59C00E26DD6 /* Release */,
			);
			defaultConfigurationIsVisible = 0;
			defaultConfigurationName = Release;
		};
		ED9BB2B52934E59C00E26DD6 /* Build configuration list for PBXNativeTarget "MaPremiereApp" */ = {
			isa = XCConfigurationList;
			buildConfigurations = (
				ED9BB2B62934E59C00E26DD6 /* Debug */,
				ED9BB2B72934E59C00E26DD6 /* Release */,
			);
			defaultConfigurationIsVisible = 0;
			defaultConfigurationName = Release;
		};
		ED9BB2B82934E59C00E26DD6 /* Build configuration list for PBXNativeTarget "MaPremiereAppTests" */ = {
			isa = XCConfigurationList;
			buildConfigurations = (
				ED9BB2B92934E59C00E26DD6 /* Debug */,
				ED9BB2BA2934E59C00E26DD6 /* Release */,
			);
			defaultConfigurationIsVisible = 0;
			defaultConfigurationName = Release;
		};
		ED9BB2BB2934E59C00E26DD6 /* Build configuration list for PBXNativeTarget "MaPremiereAppUITests" */ = {
			isa = XCConfigurationList;
			buildConfigurations = (
				ED9BB2BC2934E59C00E26DD6 /* Debug */,
				ED9BB2BD2934E59C00E26DD6 /* Release */,
			);
			defaultConfigurationIsVisible = 0;
			defaultConfigurationName = Release;
		};
/* End XCConfigurationList section */
	};
	rootObject = ED9BB2832934E59200E26DD6 /* Project object */;
}
